PODS:
  - GoogleMaps (3.9.0):
    - GoogleMaps/Maps (= 3.9.0)
  - GoogleMaps/Base (3.9.0)
  - GoogleMaps/Maps (3.9.0):
    - GoogleMaps/Base
  - GooglePlaces (3.9.0):
    - GoogleMaps/Base (= 3.9.0)
  - UPCarouselFlowLayout (1.1.2)

DEPENDENCIES:
  - GoogleMaps
  - GooglePlaces
  - UPCarouselFlowLayout

SPEC REPOS:
  trunk:
    - GoogleMaps
    - GooglePlaces
    - UPCarouselFlowLayout

SPEC CHECKSUMS:
  GoogleMaps: 4b5346bddfe6911bb89155d43c903020170523ac
  GooglePlaces: 1634d019549b969d40fe0ccb0b9513055adebe01
  UPCarouselFlowLayout: 4c7d2c43a10ebb1597bde502a53699d378341dad

PODFILE CHECKSUM: ef47125e0775f5dc2e6a9c833911b4e74314cc4a

COCOAPODS: 1.8.1
